
Microsoft Visual Studio Solution File, Format Version 12.00
# Visual Studio 15
VisualStudioVersion = 15.0.27130.2003
MinimumVisualStudioVersion = 10.0.40219.1
Project("{8BC9CEB8-8B4A-11D0-8D11-00A0C91BC942}") = "Zadatak9", "Zadatak9\Zadatak9.vcxproj", "{E9302EE2-0E86-4C8F-BD8D-92233F7DEBEE}"
EndProject
Global
	GlobalSection(SolutionConfigurationPlatforms) = preSolution
		Debug|x64 = Debug|x64
		Debug|x86 = Debug|x86
		Release|x64 = Release|x64
		Release|x86 = Release|x86
	EndGlobalSection
	GlobalSection(ProjectConfigurationPlatforms) = postSolution
		{E9302EE2-0E86-4C8F-BD8D-92233F7DEBEE}.Debug|x64.ActiveCfg = Debug|x64
		{E9302EE2-0E86-4C8F-BD8D-92233F7DEBEE}.Debug|x64.Build.0 = Debug|x64
		{E9302EE2-0E86-4C8F-BD8D-92233F7DEBEE}.Debug|x86.ActiveCfg = Debug|Win32
		{E9302EE2-0E86-4C8F-BD8D-92233F7DEBEE}.Debug|x86.Build.0 = Debug|Win32
		{E9302EE2-0E86-4C8F-BD8D-92233F7DEBEE}.Release|x64.ActiveCfg = Release|x64
		{E9302EE2-0E86-4C8F-BD8D-92233F7DEBEE}.Release|x64.Build.0 = Release|x64
		{E9302EE2-0E86-4C8F-BD8D-92233F7DEBEE}.Release|x86.ActiveCfg = Release|Win32
		{E9302EE2-0E86-4C8F-BD8D-92233F7DEBEE}.Release|x86.Build.0 = Release|Win32
	EndGlobalSection
	GlobalSection(SolutionProperties) = preSolution
		HideSolutionNode = FALSE
	EndGlobalSection
	GlobalSection(ExtensibilityGlobals) = postSolution
		SolutionGuid = {CAA1DE96-DC74-4B07-975A-75DD3D773ED5}
	EndGlobalSection
EndGlobal
